// !$*UTF8*$!
{
	archiveVersion = 1;
	classes = {
	};
	objectVersion = 50;
	objects = {

/* Begin PBXBuildFile section */
		2451EED6267B33250049636C /* AppDelegate.swift in Sources */ = {isa = PBXBuildFile; fileRef = 2451EED5267B33250049636C /* AppDelegate.swift */; };
		2451EED8267B33250049636C /* SceneDelegate.swift in Sources */ = {isa = PBXBuildFile; fileRef = 2451EED7267B33250049636C /* SceneDelegate.swift */; };
		2451EEDA267B33250049636C /* MainController.swift in Sources */ = {isa = PBXBuildFile; fileRef = 2451EED9267B33250049636C /* MainController.swift */; };
		2451EEDD267B33250049636C /* Main.storyboard in Resources */ = {isa = PBXBuildFile; fileRef = 2451EEDB267B33250049636C /* Main.storyboard */; };
		2451EEE0267B33250049636C /* LadoTsivtsivadze_35.xcdatamodeld in Sources */ = {isa = PBXBuildFile; fileRef = 2451EEDE267B33250049636C /* LadoTsivtsivadze_35.xcdatamodeld */; };
		2451EEE2267B33260049636C /* Assets.xcassets in Resources */ = {isa = PBXBuildFile; fileRef = 2451EEE1267B33260049636C /* Assets.xcassets */; };
		2451EEE5267B33260049636C /* LaunchScreen.storyboard in Resources */ = {isa = PBXBuildFile; fileRef = 2451EEE3267B33260049636C /* LaunchScreen.storyboard */; };
		2451EF00267B37400049636C /* RegisterController.swift in Sources */ = {isa = PBXBuildFile; fileRef = 2451EEFF267B37400049636C /* RegisterController.swift */; };
		2451EF02267B37610049636C /* RegisterController.storyboard in Resources */ = {isa = PBXBuildFile; fileRef = 2451EF01267B37610049636C /* RegisterController.storyboard */; };
		2451EF04267B37740049636C /* LoginController.swift in Sources */ = {isa = PBXBuildFile; fileRef = 2451EF03267B37740049636C /* LoginController.swift */; };
		2451EF06267B37810049636C /* LoginController.storyboard in Resources */ = {isa = PBXBuildFile; fileRef = 2451EF05267B37800049636C /* LoginController.storyboard */; };
		3F5DBB51267B876F008811FB /* MainViewModel.swift in Sources */ = {isa = PBXBuildFile; fileRef = 3F5DBB50267B876F008811FB /* MainViewModel.swift */; };
		3F5DBB58267BA471008811FB /* PostCell.swift in Sources */ = {isa = PBXBuildFile; fileRef = 3F5DBB56267BA471008811FB /* PostCell.swift */; };
		3F5DBB59267BA471008811FB /* PostCell.xib in Resources */ = {isa = PBXBuildFile; fileRef = 3F5DBB57267BA471008811FB /* PostCell.xib */; };
		3F630CF1267B52580081CFAD /* IDs.swift in Sources */ = {isa = PBXBuildFile; fileRef = 3F630CED267B52580081CFAD /* IDs.swift */; };
		3F630CF2267B52580081CFAD /* TypeAliases.swift in Sources */ = {isa = PBXBuildFile; fileRef = 3F630CEE267B52580081CFAD /* TypeAliases.swift */; };
		3F630CF3267B52580081CFAD /* ControllerHelpers.swift in Sources */ = {isa = PBXBuildFile; fileRef = 3F630CEF267B52580081CFAD /* ControllerHelpers.swift */; };
		3F630CFA267B54840081CFAD /* BasePersistentProtocol.swift in Sources */ = {isa = PBXBuildFile; fileRef = 3F630CF9267B54840081CFAD /* BasePersistentProtocol.swift */; };
		3F630CFD267B54D30081CFAD /* PersistentManager.swift in Sources */ = {isa = PBXBuildFile; fileRef = 3F630CFC267B54D30081CFAD /* PersistentManager.swift */; };
		3F630D03267B57440081CFAD /* UsersManager.swift in Sources */ = {isa = PBXBuildFile; fileRef = 3F630D02267B57440081CFAD /* UsersManager.swift */; };
		3F842514267B5A2400466646 /* PostsManager.swift in Sources */ = {isa = PBXBuildFile; fileRef = 3F842513267B5A2400466646 /* PostsManager.swift */; };
		3FC5BE7C267B660600F18D35 /* LoginViewModel.swift in Sources */ = {isa = PBXBuildFile; fileRef = 3FC5BE7B267B660600F18D35 /* LoginViewModel.swift */; };
		3FC5BE7F267B665600F18D35 /* RegisterViewModel.swift in Sources */ = {isa = PBXBuildFile; fileRef = 3FC5BE7E267B665600F18D35 /* RegisterViewModel.swift */; };
/* End PBXBuildFile section */

/* Begin PBXFileReference section */
		2451EED2267B33250049636C /* LadoTsivtsivadze_35.app */ = {isa = PBXFileReference; explicitFileType = wrapper.application; includeInIndex = 0; path = LadoTsivtsivadze_35.app; sourceTree = BUILT_PRODUCTS_DIR; };
		2451EED5267B33250049636C /* AppDelegate.swift */ = {isa = PBXFileReference; lastKnownFileType = sourcecode.swift; path = AppDelegate.swift; sourceTree = "<group>"; };
		2451EED7267B33250049636C /* SceneDelegate.swift */ = {isa = PBXFileReference; lastKnownFileType = sourcecode.swift; path = SceneDelegate.swift; sourceTree = "<group>"; };
		2451EED9267B33250049636C /* MainController.swift */ = {isa = PBXFileReference; lastKnownFileType = sourcecode.swift; path = MainController.swift; sourceTree = "<group>"; };
		2451EEDC267B33250049636C /* Base */ = {isa = PBXFileReference; lastKnownFileType = file.storyboard; name = Base; path = Base.lproj/Main.storyboard; sourceTree = "<group>"; };
		2451EEDF267B33250049636C /* LadoTsivtsivadze_35.xcdatamodel */ = {isa = PBXFileReference; lastKnownFileType = wrapper.xcdatamodel; path = LadoTsivtsivadze_35.xcdatamodel; sourceTree = "<group>"; };
		2451EEE1267B33260049636C /* Assets.xcassets */ = {isa = PBXFileReference; lastKnownFileType = folder.assetcatalog; path = Assets.xcassets; sourceTree = "<group>"; };
		2451EEE4267B33260049636C /* Base */ = {isa = PBXFileReference; lastKnownFileType = file.storyboard; name = Base; path = Base.lproj/LaunchScreen.storyboard; sourceTree = "<group>"; };
		2451EEE6267B33260049636C /* Info.plist */ = {isa = PBXFileReference; lastKnownFileType = text.plist.xml; path = Info.plist; sourceTree = "<group>"; };
		2451EEFF267B37400049636C /* RegisterController.swift */ = {isa = PBXFileReference; lastKnownFileType = sourcecode.swift; path = RegisterController.swift; sourceTree = "<group>"; };
		2451EF01267B37610049636C /* RegisterController.storyboard */ = {isa = PBXFileReference; lastKnownFileType = file.storyboard; path = RegisterController.storyboard; sourceTree = "<group>"; };
		2451EF03267B37740049636C /* LoginController.swift */ = {isa = PBXFileReference; lastKnownFileType = sourcecode.swift; path = LoginController.swift; sourceTree = "<group>"; };
		2451EF05267B37800049636C /* LoginController.storyboard */ = {isa = PBXFileReference; lastKnownFileType = file.storyboard; path = LoginController.storyboard; sourceTree = "<group>"; };
		3F5DBB50267B876F008811FB /* MainViewModel.swift */ = {isa = PBXFileReference; lastKnownFileType = sourcecode.swift; name = MainViewModel.swift; path = LadoTsivtsivadze_35/Presentation/Scenes/MainScene/ViewModel/MainViewModel.swift; sourceTree = SOURCE_ROOT; };
		3F5DBB56267BA471008811FB /* PostCell.swift */ = {isa = PBXFileReference; lastKnownFileType = sourcecode.swift; path = PostCell.swift; sourceTree = "<group>"; };
		3F5DBB57267BA471008811FB /* PostCell.xib */ = {isa = PBXFileReference; lastKnownFileType = file.xib; path = PostCell.xib; sourceTree = "<group>"; };
		3F630CED267B52580081CFAD /* IDs.swift */ = {isa = PBXFileReference; fileEncoding = 4; lastKnownFileType = sourcecode.swift; path = IDs.swift; sourceTree = "<group>"; };
		3F630CEE267B52580081CFAD /* TypeAliases.swift */ = {isa = PBXFileReference; fileEncoding = 4; lastKnownFileType = sourcecode.swift; path = TypeAliases.swift; sourceTree = "<group>"; };
		3F630CEF267B52580081CFAD /* ControllerHelpers.swift */ = {isa = PBXFileReference; fileEncoding = 4; lastKnownFileType = sourcecode.swift; path = ControllerHelpers.swift; sourceTree = "<group>"; };
		3F630CF9267B54840081CFAD /* BasePersistentProtocol.swift */ = {isa = PBXFileReference; lastKnownFileType = sourcecode.swift; path = BasePersistentProtocol.swift; sourceTree = "<group>"; };
		3F630CFC267B54D30081CFAD /* PersistentManager.swift */ = {isa = PBXFileReference; lastKnownFileType = sourcecode.swift; path = PersistentManager.swift; sourceTree = "<group>"; };
		3F630D02267B57440081CFAD /* UsersManager.swift */ = {isa = PBXFileReference; lastKnownFileType = sourcecode.swift; path = UsersManager.swift; sourceTree = "<group>"; };
		3F842513267B5A2400466646 /* PostsManager.swift */ = {isa = PBXFileReference; lastKnownFileType = sourcecode.swift; path = PostsManager.swift; sourceTree = "<group>"; };
		3FC5BE7B267B660600F18D35 /* LoginViewModel.swift */ = {isa = PBXFileReference; lastKnownFileType = sourcecode.swift; name = LoginViewModel.swift; path = LadoTsivtsivadze_35/Presentation/Scenes/Login/ViewModel/LoginViewModel.swift; sourceTree = SOURCE_ROOT; };
		3FC5BE7E267B665600F18D35 /* RegisterViewModel.swift */ = {isa = PBXFileReference; lastKnownFileType = sourcecode.swift; name = RegisterViewModel.swift; path = LadoTsivtsivadze_35/Presentation/Scenes/Register/ViewModel/RegisterViewModel.swift; sourceTree = SOURCE_ROOT; };
/* End PBXFileReference section */

/* Begin PBXFrameworksBuildPhase section */
		2451EECF267B33250049636C /* Frameworks */ = {
			isa = PBXFrameworksBuildPhase;
			buildActionMask = 2147483647;
			files = (
			);
			runOnlyForDeploymentPostprocessing = 0;
		};
/* End PBXFrameworksBuildPhase section */

/* Begin PBXGroup section */
		2451EEC9267B33250049636C = {
			isa = PBXGroup;
			children = (
				2451EED4267B33250049636C /* LadoTsivtsivadze_35 */,
				2451EED3267B33250049636C /* Products */,
			);
			sourceTree = "<group>";
		};
		2451EED3267B33250049636C /* Products */ = {
			isa = PBXGroup;
			children = (
				2451EED2267B33250049636C /* LadoTsivtsivadze_35.app */,
			);
			name = Products;
			sourceTree = "<group>";
		};
		2451EED4267B33250049636C /* LadoTsivtsivadze_35 */ = {
			isa = PBXGroup;
			children = (
				2451EEE6267B33260049636C /* Info.plist */,
				2451EEFA267B35B50049636C /* Supporting Files */,
				2451EEF4267B34AB0049636C /* Infrastructure */,
				2451EEF3267B34950049636C /* Resources */,
				2451EEED267B33430049636C /* Presentation */,
				2451EEEC267B333A0049636C /* App */,
			);
			path = LadoTsivtsivadze_35;
			sourceTree = "<group>";
		};
		2451EEEC267B333A0049636C /* App */ = {
			isa = PBXGroup;
			children = (
				2451EED5267B33250049636C /* AppDelegate.swift */,
				2451EED7267B33250049636C /* SceneDelegate.swift */,
			);
			path = App;
			sourceTree = "<group>";
		};
		2451EEED267B33430049636C /* Presentation */ = {
			isa = PBXGroup;
			children = (
				2451EEEE267B33490049636C /* Scenes */,
			);
			path = Presentation;
			sourceTree = "<group>";
		};
		2451EEEE267B33490049636C /* Scenes */ = {
			isa = PBXGroup;
			children = (
				2451EEF9267B34F20049636C /* Register */,
				2451EEF8267B34DA0049636C /* Login */,
				2451EEEF267B334F0049636C /* MainScene */,
			);
			path = Scenes;
			sourceTree = "<group>";
		};
		2451EEEF267B334F0049636C /* MainScene */ = {
			isa = PBXGroup;
			children = (
				3F5DBB53267B9ED9008811FB /* ViewModel */,
				2451EEF1267B346C0049636C /* View */,
			);
			path = MainScene;
			sourceTree = "<group>";
		};
		2451EEF1267B346C0049636C /* View */ = {
			isa = PBXGroup;
			children = (
				3F5DBB54267B9F0B008811FB /* Cells */,
				2451EED9267B33250049636C /* MainController.swift */,
				2451EEDB267B33250049636C /* Main.storyboard */,
			);
			path = View;
			sourceTree = "<group>";
		};
		2451EEF3267B34950049636C /* Resources */ = {
			isa = PBXGroup;
			children = (
				2451EEE1267B33260049636C /* Assets.xcassets */,
			);
			path = Resources;
			sourceTree = "<group>";
		};
		2451EEF4267B34AB0049636C /* Infrastructure */ = {
			isa = PBXGroup;
			children = (
				2451EEF7267B34C50049636C /* Extensions */,
				2451EEF6267B34BC0049636C /* Persistent */,
				2451EEF5267B34B60049636C /* Managers */,
			);
			path = Infrastructure;
			sourceTree = "<group>";
		};
		2451EEF5267B34B60049636C /* Managers */ = {
			isa = PBXGroup;
			children = (
				3F630CF9267B54840081CFAD /* BasePersistentProtocol.swift */,
				3F630CFC267B54D30081CFAD /* PersistentManager.swift */,
				3F630D02267B57440081CFAD /* UsersManager.swift */,
				3F842513267B5A2400466646 /* PostsManager.swift */,
			);
			name = Managers;
			sourceTree = "<group>";
		};
		2451EEF6267B34BC0049636C /* Persistent */ = {
			isa = PBXGroup;
			children = (
				2451EEDE267B33250049636C /* LadoTsivtsivadze_35.xcdatamodeld */,
			);
			name = Persistent;
			sourceTree = "<group>";
		};
		2451EEF7267B34C50049636C /* Extensions */ = {
			isa = PBXGroup;
			children = (
			);
			name = Extensions;
			sourceTree = "<group>";
		};
		2451EEF8267B34DA0049636C /* Login */ = {
			isa = PBXGroup;
			children = (
				2451EEFC267B37180049636C /* View */,
				2451EEFB267B37130049636C /* ViewModel */,
			);
			path = Login;
			sourceTree = "<group>";
		};
		2451EEF9267B34F20049636C /* Register */ = {
			isa = PBXGroup;
			children = (
				2451EEFE267B37230049636C /* View */,
				2451EEFD267B371D0049636C /* ViewModel */,
			);
			path = Register;
			sourceTree = "<group>";
		};
		2451EEFA267B35B50049636C /* Supporting Files */ = {
			isa = PBXGroup;
			children = (
				3F630CEF267B52580081CFAD /* ControllerHelpers.swift */,
				3F630CED267B52580081CFAD /* IDs.swift */,
				3F630CEE267B52580081CFAD /* TypeAliases.swift */,
				2451EEE3267B33260049636C /* LaunchScreen.storyboard */,
			);
			path = "Supporting Files";
			sourceTree = "<group>";
		};
		2451EEFB267B37130049636C /* ViewModel */ = {
			isa = PBXGroup;
			children = (
				3FC5BE7B267B660600F18D35 /* LoginViewModel.swift */,
			);
			path = ViewModel;
			sourceTree = "<group>";
		};
		2451EEFC267B37180049636C /* View */ = {
			isa = PBXGroup;
			children = (
				2451EF03267B37740049636C /* LoginController.swift */,
				2451EF05267B37800049636C /* LoginController.storyboard */,
			);
			path = View;
			sourceTree = "<group>";
		};
		2451EEFD267B371D0049636C /* ViewModel */ = {
			isa = PBXGroup;
			children = (
				3FC5BE7E267B665600F18D35 /* RegisterViewModel.swift */,
			);
			path = ViewModel;
			sourceTree = "<group>";
		};
		2451EEFE267B37230049636C /* View */ = {
			isa = PBXGroup;
			children = (
				2451EEFF267B37400049636C /* RegisterController.swift */,
				2451EF01267B37610049636C /* RegisterController.storyboard */,
			);
			path = View;
			sourceTree = "<group>";
		};
		3F5DBB53267B9ED9008811FB /* ViewModel */ = {
			isa = PBXGroup;
			children = (
				3F5DBB50267B876F008811FB /* MainViewModel.swift */,
			);
			path = ViewModel;
			sourceTree = "<group>";
		};
		3F5DBB54267B9F0B008811FB /* Cells */ = {
			isa = PBXGroup;
			children = (
				3F5DBB56267BA471008811FB /* PostCell.swift */,
				3F5DBB57267BA471008811FB /* PostCell.xib */,
			);
			path = Cells;
			sourceTree = "<group>";
		};
/* End PBXGroup section */

/* Begin PBXNativeTarget section */
		2451EED1267B33250049636C /* LadoTsivtsivadze_35 */ = {
			isa = PBXNativeTarget;
			buildConfigurationList = 2451EEE9267B33260049636C /* Build configuration list for PBXNativeTarget "LadoTsivtsivadze_35" */;
			buildPhases = (
				2451EECE267B33250049636C /* Sources */,
				2451EECF267B33250049636C /* Frameworks */,
				2451EED0267B33250049636C /* Resources */,
			);
			buildRules = (
			);
			dependencies = (
			);
			name = LadoTsivtsivadze_35;
			productName = LadoTsivtsivadze_35;
			productReference = 2451EED2267B33250049636C /* LadoTsivtsivadze_35.app */;
			productType = "com.apple.product-type.application";
		};
/* End PBXNativeTarget section */

/* Begin PBXProject section */
		2451EECA267B33250049636C /* Project object */ = {
			isa = PBXProject;
			attributes = {
				LastSwiftUpdateCheck = 1250;
				LastUpgradeCheck = 1250;
				TargetAttributes = {
					2451EED1267B33250049636C = {
						CreatedOnToolsVersion = 12.5;
					};
				};
			};
			buildConfigurationList = 2451EECD267B33250049636C /* Build configuration list for PBXProject "LadoTsivtsivadze_35" */;
			compatibilityVersion = "Xcode 9.3";
			developmentRegion = en;
			hasScannedForEncodings = 0;
			knownRegions = (
				en,
				Base,
			);
			mainGroup = 2451EEC9267B33250049636C;
			productRefGroup = 2451EED3267B33250049636C /* Products */;
			projectDirPath = "";
			projectRoot = "";
			targets = (
				2451EED1267B33250049636C /* LadoTsivtsivadze_35 */,
			);
		};
/* End PBXProject section */

/* Begin PBXResourcesBuildPhase section */
		2451EED0267B33250049636C /* Resources */ = {
			isa = PBXResourcesBuildPhase;
			buildActionMask = 2147483647;
			files = (
				2451EEE5267B33260049636C /* LaunchScreen.storyboard in Resources */,
				3F5DBB59267BA471008811FB /* PostCell.xib in Resources */,
				2451EF02267B37610049636C /* RegisterController.storyboard in Resources */,
				2451EF06267B37810049636C /* LoginController.storyboard in Resources */,
				2451EEE2267B33260049636C /* Assets.xcassets in Resources */,
				2451EEDD267B33250049636C /* Main.storyboard in Resources */,
			);
			runOnlyForDeploymentPostprocessing = 0;
		};
/* End PBXResourcesBuildPhase section */

/* Begin PBXSourcesBuildPhase section */
		2451EECE267B33250049636C /* Sources */ = {
			isa = PBXSourcesBuildPhase;
			buildActionMask = 2147483647;
			files = (
				3F5DBB58267BA471008811FB /* PostCell.swift in Sources */,
				3F630CFD267B54D30081CFAD /* PersistentManager.swift in Sources */,
				3FC5BE7F267B665600F18D35 /* RegisterViewModel.swift in Sources */,
				3F630CF2267B52580081CFAD /* TypeAliases.swift in Sources */,
				3F630CF1267B52580081CFAD /* IDs.swift in Sources */,
				2451EF00267B37400049636C /* RegisterController.swift in Sources */,
				2451EF04267B37740049636C /* LoginController.swift in Sources */,
				2451EEDA267B33250049636C /* MainController.swift in Sources */,
				3FC5BE7C267B660600F18D35 /* LoginViewModel.swift in Sources */,
				3F630D03267B57440081CFAD /* UsersManager.swift in Sources */,
				3F630CF3267B52580081CFAD /* ControllerHelpers.swift in Sources */,
				2451EED6267B33250049636C /* AppDelegate.swift in Sources */,
				3F842514267B5A2400466646 /* PostsManager.swift in Sources */,
				3F630CFA267B54840081CFAD /* BasePersistentProtocol.swift in Sources */,
				2451EEE0267B33250049636C /* LadoTsivtsivadze_35.xcdatamodeld in Sources */,
				2451EED8267B33250049636C /* SceneDelegate.swift in Sources */,
				3F5DBB51267B876F008811FB /* MainViewModel.swift in Sources */,
			);
			runOnlyForDeploymentPostprocessing = 0;
		};
/* End PBXSourcesBuildPhase section */

/* Begin PBXVariantGroup section */
		2451EEDB267B33250049636C /* Main.storyboard */ = {
			isa = PBXVariantGroup;
			children = (
				2451EEDC267B33250049636C /* Base */,
			);
			name = Main.storyboard;
			sourceTree = "<group>";
		};
		2451EEE3267B33260049636C /* LaunchScreen.storyboard */ = {
			isa = PBXVariantGroup;
			children = (
				2451EEE4267B33260049636C /* Base */,
			);
			name = LaunchScreen.storyboard;
			sourceTree = "<group>";
		};
/* End PBXVariantGroup section */

/* Begin XCBuildConfiguration section */
		2451EEE7267B33260049636C /* Debug */ = {
			isa = XCBuildConfiguration;
			buildSettings = {
				ALWAYS_SEARCH_USER_PATHS = NO;
				CLANG_ANALYZER_NONNULL = YES;
				CLANG_ANALYZER_NUMBER_OBJECT_CONVERSION = YES_AGGRESSIVE;
				CLANG_CXX_LANGUAGE_STANDARD = "gnu++14";
				CLANG_CXX_LIBRARY = "libc++";
				CLANG_ENABLE_MODULES = YES;
				CLANG_ENABLE_OBJC_ARC = YES;
				CLANG_ENABLE_OBJC_WEAK = YES;
				CLANG_WARN_BLOCK_CAPTURE_AUTORELEASING = YES;
				CLANG_WARN_BOOL_CONVERSION = YES;
				CLANG_WARN_COMMA = YES;
				CLANG_WARN_CONSTANT_CONVERSION = YES;
				CLANG_WARN_DEPRECATED_OBJC_IMPLEMENTATIONS = YES;
				CLANG_WARN_DIRECT_OBJC_ISA_USAGE = YES_ERROR;
				CLANG_WARN_DOCUMENTATION_COMMENTS = YES;
				CLANG_WARN_EMPTY_BODY = YES;
				CLANG_WARN_ENUM_CONVERSION = YES;
				CLANG_WARN_INFINITE_RECURSION = YES;
				CLANG_WARN_INT_CONVERSION = YES;
				CLANG_WARN_NON_LITERAL_NULL_CONVERSION = YES;
				CLANG_WARN_OBJC_IMPLICIT_RETAIN_SELF = YES;
				CLANG_WARN_OBJC_LITERAL_CONVERSION = YES;
				CLANG_WARN_OBJC_ROOT_CLASS = YES_ERROR;
				CLANG_WARN_QUOTED_INCLUDE_IN_FRAMEWORK_HEADER = YES;
				CLANG_WARN_RANGE_LOOP_ANALYSIS = YES;
				CLANG_WARN_STRICT_PROTOTYPES = YES;
				CLANG_WARN_SUSPICIOUS_MOVE = YES;
				CLANG_WARN_UNGUARDED_AVAILABILITY = YES_AGGRESSIVE;
				CLANG_WARN_UNREACHABLE_CODE = YES;
				CLANG_WARN__DUPLICATE_METHOD_MATCH = YES;
				COPY_PHASE_STRIP = NO;
				DEBUG_INFORMATION_FORMAT = dwarf;
				ENABLE_STRICT_OBJC_MSGSEND = YES;
				ENABLE_TESTABILITY = YES;
				GCC_C_LANGUAGE_STANDARD = gnu11;
				GCC_DYNAMIC_NO_PIC = NO;
				GCC_NO_COMMON_BLOCKS = YES;
				GCC_OPTIMIZATION_LEVEL = 0;
				GCC_PREPROCESSOR_DEFINITIONS = (
					"DEBUG=1",
					"$(inherited)",
				);
				GCC_WARN_64_TO_32_BIT_CONVERSION = YES;
				GCC_WARN_ABOUT_RETURN_TYPE = YES_ERROR;
				GCC_WARN_UNDECLARED_SELECTOR = YES;
				GCC_WARN_UNINITIALIZED_AUTOS = YES_AGGRESSIVE;
				GCC_WARN_UNUSED_FUNCTION = YES;
				GCC_WARN_UNUSED_VARIABLE = YES;
				IPHONEOS_DEPLOYMENT_TARGET = 14.4;
				MTL_ENABLE_DEBUG_INFO = INCLUDE_SOURCE;
				MTL_FAST_MATH = YES;
				ONLY_ACTIVE_ARCH = YES;
				SDKROOT = iphoneos;
				SWIFT_ACTIVE_COMPILATION_CONDITIONS = DEBUG;
				SWIFT_OPTIMIZATION_LEVEL = "-Onone";
			};
			name = Debug;
		};
		2451EEE8267B33260049636C /* Release */ = {
			isa = XCBuildConfiguration;
			buildSettings = {
				ALWAYS_SEARCH_USER_PATHS = NO;
				CLANG_ANALYZER_NONNULL = YES;
				CLANG_ANALYZER_NUMBER_OBJECT_CONVERSION = YES_AGGRESSIVE;
				CLANG_CXX_LANGUAGE_STANDARD = "gnu++14";
				CLANG_CXX_LIBRARY = "libc++";
				CLANG_ENABLE_MODULES = YES;
				CLANG_ENABLE_OBJC_ARC = YES;
				CLANG_ENABLE_OBJC_WEAK = YES;
				CLANG_WARN_BLOCK_CAPTURE_AUTORELEASING = YES;
				CLANG_WARN_BOOL_CONVERSION = YES;
				CLANG_WARN_COMMA = YES;
				CLANG_WARN_CONSTANT_CONVERSION = YES;
				CLANG_WARN_DEPRECATED_OBJC_IMPLEMENTATIONS = YES;
				CLANG_WARN_DIRECT_OBJC_ISA_USAGE = YES_ERROR;
				CLANG_WARN_DOCUMENTATION_COMMENTS = YES;
				CLANG_WARN_EMPTY_BODY = YES;
				CLANG_WARN_ENUM_CONVERSION = YES;
				CLANG_WARN_INFINITE_RECURSION = YES;
				CLANG_WARN_INT_CONVERSION = YES;
				CLANG_WARN_NON_LITERAL_NULL_CONVERSION = YES;
				CLANG_WARN_OBJC_IMPLICIT_RETAIN_SELF = YES;
				CLANG_WARN_OBJC_LITERAL_CONVERSION = YES;
				CLANG_WARN_OBJC_ROOT_CLASS = YES_ERROR;
				CLANG_WARN_QUOTED_INCLUDE_IN_FRAMEWORK_HEADER = YES;
				CLANG_WARN_RANGE_LOOP_ANALYSIS = YES;
				CLANG_WARN_STRICT_PROTOTYPES = YES;
				CLANG_WARN_SUSPICIOUS_MOVE = YES;
				CLANG_WARN_UNGUARDED_AVAILABILITY = YES_AGGRESSIVE;
				CLANG_WARN_UNREACHABLE_CODE = YES;
				CLANG_WARN__DUPLICATE_METHOD_MATCH = YES;
				COPY_PHASE_STRIP = NO;
				DEBUG_INFORMATION_FORMAT = "dwarf-with-dsym";
				ENABLE_NS_ASSERTIONS = NO;
				ENABLE_STRICT_OBJC_MSGSEND = YES;
				GCC_C_LANGUAGE_STANDARD = gnu11;
				GCC_NO_COMMON_BLOCKS = YES;
				GCC_WARN_64_TO_32_BIT_CONVERSION = YES;
				GCC_WARN_ABOUT_RETURN_TYPE = YES_ERROR;
				GCC_WARN_UNDECLARED_SELECTOR = YES;
				GCC_WARN_UNINITIALIZED_AUTOS = YES_AGGRESSIVE;
				GCC_WARN_UNUSED_FUNCTION = YES;
				GCC_WARN_UNUSED_VARIABLE = YES;
				IPHONEOS_DEPLOYMENT_TARGET = 14.4;
				MTL_ENABLE_DEBUG_INFO = NO;
				MTL_FAST_MATH = YES;
				SDKROOT = iphoneos;
				SWIFT_COMPILATION_MODE = wholemodule;
				SWIFT_OPTIMIZATION_LEVEL = "-O";
				VALIDATE_PRODUCT = YES;
			};
			name = Release;
		};
		2451EEEA267B33260049636C /* Debug */ = {
			isa = XCBuildConfiguration;
			buildSettings = {
				ASSETCATALOG_COMPILER_APPICON_NAME = AppIcon;
				ASSETCATALOG_COMPILER_GLOBAL_ACCENT_COLOR_NAME = AccentColor;
				CODE_SIGN_STYLE = Automatic;
				DEVELOPMENT_TEAM = M5DM73ULV2;
				INFOPLIST_FILE = LadoTsivtsivadze_35/Info.plist;
				LD_RUNPATH_SEARCH_PATHS = (
					"$(inherited)",
					"@executable_path/Frameworks",
				);
				PRODUCT_BUNDLE_IDENTIFIER = "com.ladotsivtsivadze.LadoTsivtsivadze-355";
				PRODUCT_NAME = "$(TARGET_NAME)";
				SWIFT_VERSION = 5.0;
				TARGETED_DEVICE_FAMILY = "1,2";
			};
			name = Debug;
		};
		2451EEEB267B33260049636C /* Release */ = {
			isa = XCBuildConfiguration;
			buildSettings = {
				ASSETCATALOG_COMPILER_APPICON_NAME = AppIcon;
				ASSETCATALOG_COMPILER_GLOBAL_ACCENT_COLOR_NAME = AccentColor;
				CODE_SIGN_STYLE = Automatic;
				DEVELOPMENT_TEAM = M5DM73ULV2;
				INFOPLIST_FILE = LadoTsivtsivadze_35/Info.plist;
				LD_RUNPATH_SEARCH_PATHS = (
					"$(inherited)",
					"@executable_path/Frameworks",
				);
				PRODUCT_BUNDLE_IDENTIFIER = "com.ladotsivtsivadze.LadoTsivtsivadze-355";
				PRODUCT_NAME = "$(TARGET_NAME)";
				SWIFT_VERSION = 5.0;
				TARGETED_DEVICE_FAMILY = "1,2";
			};
			name = Release;
		};
/* End XCBuildConfiguration section */

/* Begin XCConfigurationList section */
		2451EECD267B33250049636C /* Build configuration list for PBXProject "LadoTsivtsivadze_35" */ = {
			isa = XCConfigurationList;
			buildConfigurations = (
				2451EEE7267B33260049636C /* Debug */,
				2451EEE8267B33260049636C /* Release */,
			);
			defaultConfigurationIsVisible = 0;
			defaultConfigurationName = Release;
		};
		2451EEE9267B33260049636C /* Build configuration list for PBXNativeTarget "LadoTsivtsivadze_35" */ = {
			isa = XCConfigurationList;
			buildConfigurations = (
				2451EEEA267B33260049636C /* Debug */,
				2451EEEB267B33260049636C /* Release */,
			);
			defaultConfigurationIsVisible = 0;
			defaultConfigurationName = Release;
		};
/* End XCConfigurationList section */

/* Begin XCVersionGroup section */
		2451EEDE267B33250049636C /* LadoTsivtsivadze_35.xcdatamodeld */ = {
			isa = XCVersionGroup;
			children = (
				2451EEDF267B33250049636C /* LadoTsivtsivadze_35.xcdatamodel */,
			);
			currentVersion = 2451EEDF267B33250049636C /* LadoTsivtsivadze_35.xcdatamodel */;
			path = LadoTsivtsivadze_35.xcdatamodeld;
			sourceTree = "<group>";
			versionGroupType = wrapper.xcdatamodel;
		};
/* End XCVersionGroup section */
	};
	rootObject = 2451EECA267B33250049636C /* Project object */;
}
